<?xml version="1.0" encoding="utf-8"?>
<Project ToolsVersion="4.0" xmlns="http://schemas.microsoft.com/developer/msbuild/2003">
  <ItemGroup>
    <Filter Include="Source Files">
      <UniqueIdentifier>{4FC737F1-C7A5-4376-A066-2A32D752A2FF}</UniqueIdentifier>
      <Extensions>cpp;c;cc;cxx;def;odl;idl;hpj;bat;asm;asmx</Extensions>
    </Filter>
    <Filter Include="Header Files">
      <UniqueIdentifier>{93995380-89BD-4b04-88EB-625FBE52EBFB}</UniqueIdentifier>
      <Extensions>h;hh;hpp;hxx;hm;inl;inc;xsd</Extensions>
    </Filter>
    <Filter Include="Resource Files">
      <UniqueIdentifier>{67DA6AB6-F800-4c08-8B7A-83BB121AAD01}</UniqueIdentifier>
      <Extensions>rc;ico;cur;bmp;dlg;rc2;rct;bin;rgs;gif;jpg;jpeg;jpe;resx;tiff;tif;png;wav;mfcribbon-ms</Extensions>
    </Filter>
    <Filter Include="GUI">
      <UniqueIdentifier>{7674bdc6-24ba-43bf-8231-936a8e2633ed}</UniqueIdentifier>
    </Filter>
    <Filter Include="GUI\renderers">
      <UniqueIdentifier>{9b0ed930-78ab-431b-8e7a-f0a30f75afe2}</UniqueIdentifier>
    </Filter>
  </ItemGroup>
  <ItemGroup>
    <Text Include="ReadMe.txt" />
  </ItemGroup>
  <ItemGroup>
    <ClInclude Include="stdafx.h">
      <Filter>Header Files</Filter>
    </ClInclude>
    <ClInclude Include="targetver.h">
      <Filter>Header Files</Filter>
    </ClInclude>
    <ClInclude Include="Resource.h">
      <Filter>Header Files</Filter>
    </ClInclude>
    <ClInclude Include="GUIRenderAPI.h">
      <Filter>Header Files</Filter>
    </ClInclude>
    <ClInclude Include="GUI\CButton.h">
      <Filter>GUI</Filter>
    </ClInclude>
    <ClInclude Include="GUI\CCheckBox.h">
      <Filter>GUI</Filter>
    </ClInclude>
    <ClInclude Include="GUI\CColor.h">
      <Filter>GUI</Filter>
    </ClInclude>
    <ClInclude Include="GUI\CD3DRender.h">
      <Filter>GUI</Filter>
    </ClInclude>
    <ClInclude Include="GUI\CDropDown.h">
      <Filter>GUI</Filter>
    </ClInclude>
    <ClInclude Include="GUI\CEditBox.h">
      <Filter>GUI</Filter>
    </ClInclude>
    <ClInclude Include="GUI\CElement.h">
      <Filter>GUI</Filter>
    </ClInclude>
    <ClInclude Include="GUI\CFigure.h">
      <Filter>GUI</Filter>
    </ClInclude>
    <ClInclude Include="GUI\CFont.h">
      <Filter>GUI</Filter>
    </ClInclude>
    <ClInclude Include="GUI\CGUI.h">
      <Filter>GUI</Filter>
    </ClInclude>
    <ClInclude Include="GUI\CKeyboard.h">
      <Filter>GUI</Filter>
    </ClInclude>
    <ClInclude Include="GUI\CListBox.h">
      <Filter>GUI</Filter>
    </ClInclude>
    <ClInclude Include="GUI\CListView.h">
      <Filter>GUI</Filter>
    </ClInclude>
    <ClInclude Include="GUI\CMouse.h">
      <Filter>GUI</Filter>
    </ClInclude>
    <ClInclude Include="GUI\CPos.h">
      <Filter>GUI</Filter>
    </ClInclude>
    <ClInclude Include="GUI\CProgressBar.h">
      <Filter>GUI</Filter>
    </ClInclude>
    <ClInclude Include="GUI\CRadioButton.h">
      <Filter>GUI</Filter>
    </ClInclude>
    <ClInclude Include="GUI\CScrollBar.h">
      <Filter>GUI</Filter>
    </ClInclude>
    <ClInclude Include="GUI\CText.h">
      <Filter>GUI</Filter>
    </ClInclude>
    <ClInclude Include="GUI\CTextBox.h">
      <Filter>GUI</Filter>
    </ClInclude>
    <ClInclude Include="GUI\CTexture.h">
      <Filter>GUI</Filter>
    </ClInclude>
    <ClInclude Include="GUI\CTimer.h">
      <Filter>GUI</Filter>
    </ClInclude>
    <ClInclude Include="GUI\CTrackBar.h">
      <Filter>GUI</Filter>
    </ClInclude>
    <ClInclude Include="GUI\CVar.h">
      <Filter>GUI</Filter>
    </ClInclude>
    <ClInclude Include="GUI\CWindow.h">
      <Filter>GUI</Filter>
    </ClInclude>
    <ClInclude Include="GUI\Entry.h">
      <Filter>GUI</Filter>
    </ClInclude>
    <ClInclude Include="GUI\ProgressBarVertical.h">
      <Filter>GUI</Filter>
    </ClInclude>
    <ClInclude Include="GUI\ScrollablePane.h">
      <Filter>GUI</Filter>
    </ClInclude>
    <ClInclude Include="GUI\ScrollbarHorizontal.h">
      <Filter>GUI</Filter>
    </ClInclude>
    <ClInclude Include="GUI\TrackBar.h">
      <Filter>GUI</Filter>
    </ClInclude>
    <ClInclude Include="GUI\unistr.h">
      <Filter>GUI</Filter>
    </ClInclude>
    <ClInclude Include="GUI\renderers\CGraphics.h">
      <Filter>GUI\renderers</Filter>
    </ClInclude>
    <ClInclude Include="GUI\renderers\Define.h">
      <Filter>GUI\renderers</Filter>
    </ClInclude>
    <ClInclude Include="Graphics.h">
      <Filter>Header Files</Filter>
    </ClInclude>
    <ClInclude Include="GUI\renderers\Texture.h">
      <Filter>GUI\renderers</Filter>
    </ClInclude>
    <ClInclude Include="GUI\renderers\Graphics.h">
      <Filter>GUI\renderers</Filter>
    </ClInclude>
    <ClInclude Include="GUI\LogFile.h">
      <Filter>GUI</Filter>
    </ClInclude>
  </ItemGroup>
  <ItemGroup>
    <ClCompile Include="stdafx.cpp">
      <Filter>Source Files</Filter>
    </ClCompile>
    <ClCompile Include="GUIRenderAPI.cpp">
      <Filter>Source Files</Filter>
    </ClCompile>
    <ClCompile Include="GUI\CButton.cpp">
      <Filter>GUI</Filter>
    </ClCompile>
    <ClCompile Include="GUI\CCheckBox.cpp">
      <Filter>GUI</Filter>
    </ClCompile>
    <ClCompile Include="GUI\CColor.cpp">
      <Filter>GUI</Filter>
    </ClCompile>
    <ClCompile Include="GUI\CD3DRender.cpp">
      <Filter>GUI</Filter>
    </ClCompile>
    <ClCompile Include="GUI\CDropDown.cpp">
      <Filter>GUI</Filter>
    </ClCompile>
    <ClCompile Include="GUI\CEditBox.cpp">
      <Filter>GUI</Filter>
    </ClCompile>
    <ClCompile Include="GUI\CElement.cpp">
      <Filter>GUI</Filter>
    </ClCompile>
    <ClCompile Include="GUI\CFigure.cpp">
      <Filter>GUI</Filter>
    </ClCompile>
    <ClCompile Include="GUI\CFont.cpp">
      <Filter>GUI</Filter>
    </ClCompile>
    <ClCompile Include="GUI\CGUI.cpp">
      <Filter>GUI</Filter>
    </ClCompile>
    <ClCompile Include="GUI\CKeyboard.cpp">
      <Filter>GUI</Filter>
    </ClCompile>
    <ClCompile Include="GUI\CListBox.cpp">
      <Filter>GUI</Filter>
    </ClCompile>
    <ClCompile Include="GUI\CListView.cpp">
      <Filter>GUI</Filter>
    </ClCompile>
    <ClCompile Include="GUI\CMouse.cpp">
      <Filter>GUI</Filter>
    </ClCompile>
    <ClCompile Include="GUI\CPos.cpp">
      <Filter>GUI</Filter>
    </ClCompile>
    <ClCompile Include="GUI\CProgressBar.cpp">
      <Filter>GUI</Filter>
    </ClCompile>
    <ClCompile Include="GUI\CRadioButton.cpp">
      <Filter>GUI</Filter>
    </ClCompile>
    <ClCompile Include="GUI\CScrollBar.cpp">
      <Filter>GUI</Filter>
    </ClCompile>
    <ClCompile Include="GUI\CText.cpp">
      <Filter>GUI</Filter>
    </ClCompile>
    <ClCompile Include="GUI\CTextBox.cpp">
      <Filter>GUI</Filter>
    </ClCompile>
    <ClCompile Include="GUI\CTexture.cpp">
      <Filter>GUI</Filter>
    </ClCompile>
    <ClCompile Include="GUI\CTimer.cpp">
      <Filter>GUI</Filter>
    </ClCompile>
    <ClCompile Include="GUI\CTrackBar.cpp">
      <Filter>GUI</Filter>
    </ClCompile>
    <ClCompile Include="GUI\CVar.cpp">
      <Filter>GUI</Filter>
    </ClCompile>
    <ClCompile Include="GUI\CWindow.cpp">
      <Filter>GUI</Filter>
    </ClCompile>
    <ClCompile Include="GUI\Entry.cpp">
      <Filter>GUI</Filter>
    </ClCompile>
    <ClCompile Include="GUI\ProgressBarVertical.cpp">
      <Filter>GUI</Filter>
    </ClCompile>
    <ClCompile Include="GUI\ScrollablePane.cpp">
      <Filter>GUI</Filter>
    </ClCompile>
    <ClCompile Include="GUI\ScrollbarHorizontal.cpp">
      <Filter>GUI</Filter>
    </ClCompile>
    <ClCompile Include="GUI\TrackBar.cpp">
      <Filter>GUI</Filter>
    </ClCompile>
    <ClCompile Include="GUI\renderers\CGraphics.cpp">
      <Filter>GUI\renderers</Filter>
    </ClCompile>
    <ClCompile Include="Graphics.cpp">
      <Filter>Source Files</Filter>
    </ClCompile>
    <ClCompile Include="GUI\renderers\Texture.cpp">
      <Filter>GUI\renderers</Filter>
    </ClCompile>
    <ClCompile Include="GUI\renderers\Graphics.cpp">
      <Filter>GUI\renderers</Filter>
    </ClCompile>
    <ClCompile Include="GUI\LogFile.cpp">
      <Filter>GUI</Filter>
    </ClCompile>
  </ItemGroup>
  <ItemGroup>
    <ResourceCompile Include="GUIRenderAPI.rc">
      <Filter>Resource Files</Filter>
    </ResourceCompile>
  </ItemGroup>
</Project>